
Microsoft Visual Studio Solution File, Format Version 12.00
# Visual Studio Version 17
VisualStudioVersion = 17.2.32630.192
MinimumVisualStudioVersion = 10.0.40219.1
Project("{9A19103F-16F7-4668-BE54-9A1E7A4F7556}") = "EreftSystem", "EreftSytem\EreftSystem.csproj", "{A7098323-C63B-4F76-83E8-5C5BC2C6E753}"
EndProject
Project("{9A19103F-16F7-4668-BE54-9A1E7A4F7556}") = "Core", "Core\Core.csproj", "{338FB6D3-CD53-4432-B02D-919D254C95AC}"
EndProject
Project("{9A19103F-16F7-4668-BE54-9A1E7A4F7556}") = "Infrastructure", "Infrastructure\Infrastructure.csproj", "{D141A4E0-5056-40CC-AD8C-5D8EE5DA3017}"
EndProject
Global
	GlobalSection(SolutionConfigurationPlatforms) = preSolution
		Debug|Any CPU = Debug|Any CPU
		Release|Any CPU = Release|Any CPU
	EndGlobalSection
	GlobalSection(ProjectConfigurationPlatforms) = postSolution
		{A7098323-C63B-4F76-83E8-5C5BC2C6E753}.Debug|Any CPU.ActiveCfg = Debug|Any CPU
		{A7098323-C63B-4F76-83E8-5C5BC2C6E753}.Debug|Any CPU.Build.0 = Debug|Any CPU
		{A7098323-C63B-4F76-83E8-5C5BC2C6E753}.Release|Any CPU.ActiveCfg = Release|Any CPU
		{A7098323-C63B-4F76-83E8-5C5BC2C6E753}.Release|Any CPU.Build.0 = Release|Any CPU
		{338FB6D3-CD53-4432-B02D-919D254C95AC}.Debug|Any CPU.ActiveCfg = Debug|Any CPU
		{338FB6D3-CD53-4432-B02D-919D254C95AC}.Debug|Any CPU.Build.0 = Debug|Any CPU
		{338FB6D3-CD53-4432-B02D-919D254C95AC}.Release|Any CPU.ActiveCfg = Release|Any CPU
		{338FB6D3-CD53-4432-B02D-919D254C95AC}.Release|Any CPU.Build.0 = Release|Any CPU
		{D141A4E0-5056-40CC-AD8C-5D8EE5DA3017}.Debug|Any CPU.ActiveCfg = Debug|Any CPU
		{D141A4E0-5056-40CC-AD8C-5D8EE5DA3017}.Debug|Any CPU.Build.0 = Debug|Any CPU
		{D141A4E0-5056-40CC-AD8C-5D8EE5DA3017}.Release|Any CPU.ActiveCfg = Release|Any CPU
		{D141A4E0-5056-40CC-AD8C-5D8EE5DA3017}.Release|Any CPU.Build.0 = Release|Any CPU
	EndGlobalSection
	GlobalSection(SolutionProperties) = preSolution
		HideSolutionNode = FALSE
	EndGlobalSection
	GlobalSection(ExtensibilityGlobals) = postSolution
		SolutionGuid = {C9256262-E700-4482-B373-A6EF577B2D90}
	EndGlobalSection
EndGlobal
